{
  "originHash" : "0ed1a20ef167ff6bbd7e233d8316ce8089f144b9619fb921d55eb1b69ffdfd4c",
  "pins" : [
    {
      "identity" : "rive-ios",
      "kind" : "remoteSourceControl",
      "location" : "https://github.com/rive-app/rive-ios",
      "state" : {
        "revision" : "e848d23e406bc5e8a9240e6cff713972ecf946f6",
        "version" : "6.5.11"
      }
    }
  ],
  "version" : 3
}
