// !$*UTF8*$!
{
	archiveVersion = 1;
	classes = {
	};
	objectVersion = 77;
	objects = {

/* Begin PBXBuildRule section */
		D0D2965E2D429D7C00EC25C3 /* PBXBuildRule */ = {
			isa = PBXBuildRule;
			compilerSpec = com.apple.compilers.proxy.script;
			fileType = file.bplist;
			inputFiles = (
			);
			isEditable = 1;
			outputFiles = (
			);
			script = "# builtin-copyPlist\n";
		};
/* End PBXBuildRule section */

/* Begin PBXContainerItemProxy section */
		D0A3ED6C2D270C1100123268 /* PBXContainerItemProxy */ = {
			isa = PBXContainerItemProxy;
			containerPortal = D0A3ED532D270C1000123268 /* Project object */;
			proxyType = 1;
			remoteGlobalIDString = D0A3ED5A2D270C1000123268;
			remoteInfo = Triangle;
		};
		D0A3ED762D270C1100123268 /* PBXContainerItemProxy */ = {
			isa = PBXContainerItemProxy;
			containerPortal = D0A3ED532D270C1000123268 /* Project object */;
			proxyType = 1;
			remoteGlobalIDString = D0A3ED5A2D270C1000123268;
			remoteInfo = Triangle;
		};
/* End PBXContainerItemProxy section */

/* Begin PBXFileReference section */
		D0A3ED5B2D270C1000123268 /* Triangle.app */ = {isa = PBXFileReference; explicitFileType = wrapper.application; includeInIndex = 0; path = Triangle.app; sourceTree = BUILT_PRODUCTS_DIR; };
		D0A3ED6B2D270C1100123268 /* TriangleTests.xctest */ = {isa = PBXFileReference; explicitFileType = wrapper.cfbundle; includeInIndex = 0; path = TriangleTests.xctest; sourceTree = BUILT_PRODUCTS_DIR; };
		D0A3ED752D270C1100123268 /* TriangleUITests.xctest */ = {isa = PBXFileReference; explicitFileType = wrapper.cfbundle; includeInIndex = 0; path = TriangleUITests.xctest; sourceTree = BUILT_PRODUCTS_DIR; };
/* End PBXFileReference section */

/* Begin PBXFileSystemSynchronizedBuildFileExceptionSet section */
		D0D296602D429E4700EC25C3 /* Exceptions for "Triangle" folder in "Triangle" target */ = {
			isa = PBXFileSystemSynchronizedBuildFileExceptionSet;
			membershipExceptions = (
				Info.plist,
			);
			target = D0A3ED5A2D270C1000123268 /* Triangle */;
		};
/* End PBXFileSystemSynchronizedBuildFileExceptionSet section */

/* Begin PBXFileSystemSynchronizedRootGroup section */
		CEED2E302D478CC90023D099 /* Cloudkituser */ = {
			isa = PBXFileSystemSynchronizedRootGroup;
			path = Cloudkituser;
			sourceTree = "<group>";
		};
		D0A3ED5D2D270C1000123268 /* Triangle */ = {
			isa = PBXFileSystemSynchronizedRootGroup;
			exceptions = (
				D0D296602D429E4700EC25C3 /* Exceptions for "Triangle" folder in "Triangle" target */,
			);
			path = Triangle;
			sourceTree = "<group>";
		};
		D0A3ED6E2D270C1100123268 /* TriangleTests */ = {
			isa = PBXFileSystemSynchronizedRootGroup;
			path = TriangleTests;
			sourceTree = "<group>";
		};
		D0A3ED782D270C1100123268 /* TriangleUITests */ = {
			isa = PBXFileSystemSynchronizedRootGroup;
			path = TriangleUITests;
			sourceTree = "<group>";
		};
/* End PBXFileSystemSynchronizedRootGroup section */

/* Begin PBXFrameworksBuildPhase section */
		D0A3ED582D270C1000123268 /* Frameworks */ = {
			isa = PBXFrameworksBuildPhase;
			buildActionMask = 2147483647;
			files = (
			);
			runOnlyForDeploymentPostprocessing = 0;
		};
		D0A3ED682D270C1100123268 /* Frameworks */ = {
			isa = PBXFrameworksBuildPhase;
			buildActionMask = 2147483647;
			files = (
			);
			runOnlyForDeploymentPostprocessing = 0;
		};
		D0A3ED722D270C1100123268 /* Frameworks */ = {
			isa = PBXFrameworksBuildPhase;
			buildActionMask = 2147483647;
			files = (
			);
			runOnlyForDeploymentPostprocessing = 0;
		};
/* End PBXFrameworksBuildPhase section */

/* Begin PBXGroup section */
		D0A3ED522D270C1000123268 = {
			isa = PBXGroup;
			children = (
				D0A3ED5D2D270C1000123268 /* Triangle */,
				D0A3ED6E2D270C1100123268 /* TriangleTests */,
				D0A3ED782D270C1100123268 /* TriangleUITests */,
				D0A3ED5C2D270C1000123268 /* Products */,
				CEED2E302D478CC90023D099 /* Cloudkituser */,
			);
			sourceTree = "<group>";
		};
		D0A3ED5C2D270C1000123268 /* Products */ = {
			isa = PBXGroup;
			children = (
				D0A3ED5B2D270C1000123268 /* Triangle.app */,
				D0A3ED6B2D270C1100123268 /* TriangleTests.xctest */,
				D0A3ED752D270C1100123268 /* TriangleUITests.xctest */,
			);
			name = Products;
			sourceTree = "<group>";
		};
/* End PBXGroup section */

/* Begin PBXNativeTarget section */
		D0A3ED5A2D270C1000123268 /* Triangle */ = {
			isa = PBXNativeTarget;
			buildConfigurationList = D0A3ED7F2D270C1100123268 /* Build configuration list for PBXNativeTarget "Triangle" */;
			buildPhases = (
				D0A3ED572D270C1000123268 /* Sources */,
				D0A3ED582D270C1000123268 /* Frameworks */,
				D0A3ED592D270C1000123268 /* Resources */,
			);
			buildRules = (
				D0D2965E2D429D7C00EC25C3 /* PBXBuildRule */,
			);
			dependencies = (
			);
			fileSystemSynchronizedGroups = (
				CEED2E302D478CC90023D099 /* Cloudkituser */,
				D0A3ED5D2D270C1000123268 /* Triangle */,
			);
			name = Triangle;
			packageProductDependencies = (
			);
			productName = Triangle;
			productReference = D0A3ED5B2D270C1000123268 /* Triangle.app */;
			productType = "com.apple.product-type.application";
		};
		D0A3ED6A2D270C1100123268 /* TriangleTests */ = {
			isa = PBXNativeTarget;
			buildConfigurationList = D0A3ED822D270C1100123268 /* Build configuration list for PBXNativeTarget "TriangleTests" */;
			buildPhases = (
				D0A3ED672D270C1100123268 /* Sources */,
				D0A3ED682D270C1100123268 /* Frameworks */,
				D0A3ED692D270C1100123268 /* Resources */,
			);
			buildRules = (
			);
			dependencies = (
				D0A3ED6D2D270C1100123268 /* PBXTargetDependency */,
			);
			fileSystemSynchronizedGroups = (
				D0A3ED6E2D270C1100123268 /* TriangleTests */,
			);
			name = TriangleTests;
			packageProductDependencies = (
			);
			productName = TriangleTests;
			productReference = D0A3ED6B2D270C1100123268 /* TriangleTests.xctest */;
			productType = "com.apple.product-type.bundle.unit-test";
		};
		D0A3ED742D270C1100123268 /* TriangleUITests */ = {
			isa = PBXNativeTarget;
			buildConfigurationList = D0A3ED852D270C1100123268 /* Build configuration list for PBXNativeTarget "TriangleUITests" */;
			buildPhases = (
				D0A3ED712D270C1100123268 /* Sources */,
				D0A3ED722D270C1100123268 /* Frameworks */,
				D0A3ED732D270C1100123268 /* Resources */,
			);
			buildRules = (
			);
			dependencies = (
				D0A3ED772D270C1100123268 /* PBXTargetDependency */,
			);
			fileSystemSynchronizedGroups = (
				D0A3ED782D270C1100123268 /* TriangleUITests */,
			);
			name = TriangleUITests;
			packageProductDependencies = (
			);
			productName = TriangleUITests;
			productReference = D0A3ED752D270C1100123268 /* TriangleUITests.xctest */;
			productType = "com.apple.product-type.bundle.ui-testing";
		};
/* End PBXNativeTarget section */

/* Begin PBXProject section */
		D0A3ED532D270C1000123268 /* Project object */ = {
			isa = PBXProject;
			attributes = {
				BuildIndependentTargetsInParallel = 1;
				LastSwiftUpdateCheck = 1620;
				LastUpgradeCheck = 1620;
				TargetAttributes = {
					D0A3ED5A2D270C1000123268 = {
						CreatedOnToolsVersion = 16.2;
					};
					D0A3ED6A2D270C1100123268 = {
						CreatedOnToolsVersion = 16.2;
						TestTargetID = D0A3ED5A2D270C1000123268;
					};
					D0A3ED742D270C1100123268 = {
						CreatedOnToolsVersion = 16.2;
						TestTargetID = D0A3ED5A2D270C1000123268;
					};
				};
			};
			buildConfigurationList = D0A3ED562D270C1000123268 /* Build configuration list for PBXProject "Triangle" */;
			developmentRegion = en;
			hasScannedForEncodings = 0;
			knownRegions = (
				en,
				Base,
			);
			mainGroup = D0A3ED522D270C1000123268;
			minimizedProjectReferenceProxies = 1;
			preferredProjectObjectVersion = 77;
			productRefGroup = D0A3ED5C2D270C1000123268 /* Products */;
			projectDirPath = "";
			projectRoot = "";
			targets = (
				D0A3ED5A2D270C1000123268 /* Triangle */,
				D0A3ED6A2D270C1100123268 /* TriangleTests */,
				D0A3ED742D270C1100123268 /* TriangleUITests */,
			);
		};
/* End PBXProject section */

/* Begin PBXResourcesBuildPhase section */
		D0A3ED592D270C1000123268 /* Resources */ = {
			isa = PBXResourcesBuildPhase;
			buildActionMask = 2147483647;
			files = (
			);
			runOnlyForDeploymentPostprocessing = 0;
		};
		D0A3ED692D270C1100123268 /* Resources */ = {
			isa = PBXResourcesBuildPhase;
			buildActionMask = 2147483647;
			files = (
			);
			runOnlyForDeploymentPostprocessing = 0;
		};
		D0A3ED732D270C1100123268 /* Resources */ = {
			isa = PBXResourcesBuildPhase;
			buildActionMask = 2147483647;
			files = (
			);
			runOnlyForDeploymentPostprocessing = 0;
		};
/* End PBXResourcesBuildPhase section */

/* Begin PBXSourcesBuildPhase section */
		D0A3ED572D270C1000123268 /* Sources */ = {
			isa = PBXSourcesBuildPhase;
			buildActionMask = 2147483647;
			files = (
			);
			runOnlyForDeploymentPostprocessing = 0;
		};
		D0A3ED672D270C1100123268 /* Sources */ = {
			isa = PBXSourcesBuildPhase;
			buildActionMask = 2147483647;
			files = (
			);
			runOnlyForDeploymentPostprocessing = 0;
		};
		D0A3ED712D270C1100123268 /* Sources */ = {
			isa = PBXSourcesBuildPhase;
			buildActionMask = 2147483647;
			files = (
			);
			runOnlyForDeploymentPostprocessing = 0;
		};
/* End PBXSourcesBuildPhase section */

/* Begin PBXTargetDependency section */
		D0A3ED6D2D270C1100123268 /* PBXTargetDependency */ = {
			isa = PBXTargetDependency;
			target = D0A3ED5A2D270C1000123268 /* Triangle */;
			targetProxy = D0A3ED6C2D270C1100123268 /* PBXContainerItemProxy */;
		};
		D0A3ED772D270C1100123268 /* PBXTargetDependency */ = {
			isa = PBXTargetDependency;
			target = D0A3ED5A2D270C1000123268 /* Triangle */;
			targetProxy = D0A3ED762D270C1100123268 /* PBXContainerItemProxy */;
		};
/* End PBXTargetDependency section */

/* Begin XCBuildConfiguration section */
		D0A3ED7D2D270C1100123268 /* Debug */ = {
			isa = XCBuildConfiguration;
			buildSettings = {
				ALWAYS_SEARCH_USER_PATHS = NO;
				ASSETCATALOG_COMPILER_GENERATE_SWIFT_ASSET_SYMBOL_EXTENSIONS = YES;
				CLANG_ANALYZER_NONNULL = YES;
				CLANG_ANALYZER_NUMBER_OBJECT_CONVERSION = YES_AGGRESSIVE;
				CLANG_CXX_LANGUAGE_STANDARD = "gnu++20";
				CLANG_ENABLE_MODULES = YES;
				CLANG_ENABLE_OBJC_ARC = YES;
				CLANG_ENABLE_OBJC_WEAK = YES;
				CLANG_WARN_BLOCK_CAPTURE_AUTORELEASING = YES;
				CLANG_WARN_BOOL_CONVERSION = YES;
				CLANG_WARN_COMMA = YES;
				CLANG_WARN_CONSTANT_CONVERSION = YES;
				CLANG_WARN_DEPRECATED_OBJC_IMPLEMENTATIONS = YES;
				CLANG_WARN_DIRECT_OBJC_ISA_USAGE = YES_ERROR;
				CLANG_WARN_DOCUMENTATION_COMMENTS = YES;
				CLANG_WARN_EMPTY_BODY = YES;
				CLANG_WARN_ENUM_CONVERSION = YES;
				CLANG_WARN_INFINITE_RECURSION = YES;
				CLANG_WARN_INT_CONVERSION = YES;
				CLANG_WARN_NON_LITERAL_NULL_CONVERSION = YES;
				CLANG_WARN_OBJC_IMPLICIT_RETAIN_SELF = YES;
				CLANG_WARN_OBJC_LITERAL_CONVERSION = YES;
				CLANG_WARN_OBJC_ROOT_CLASS = YES_ERROR;
				CLANG_WARN_QUOTED_INCLUDE_IN_FRAMEWORK_HEADER = YES;
				CLANG_WARN_RANGE_LOOP_ANALYSIS = YES;
				CLANG_WARN_STRICT_PROTOTYPES = YES;
				CLANG_WARN_SUSPICIOUS_MOVE = YES;
				CLANG_WARN_UNGUARDED_AVAILABILITY = YES_AGGRESSIVE;
				CLANG_WARN_UNREACHABLE_CODE = YES;
				CLANG_WARN__DUPLICATE_METHOD_MATCH = YES;
				COPY_PHASE_STRIP = NO;
				DEBUG_INFORMATION_FORMAT = dwarf;
				ENABLE_STRICT_OBJC_MSGSEND = YES;
				ENABLE_TESTABILITY = YES;
				ENABLE_USER_SCRIPT_SANDBOXING = YES;
				GCC_C_LANGUAGE_STANDARD = gnu17;
				GCC_DYNAMIC_NO_PIC = NO;
				GCC_NO_COMMON_BLOCKS = YES;
				GCC_OPTIMIZATION_LEVEL = 0;
				GCC_PREPROCESSOR_DEFINITIONS = (
					"DEBUG=1",
					"$(inherited)",
				);
				GCC_WARN_64_TO_32_BIT_CONVERSION = YES;
				GCC_WARN_ABOUT_RETURN_TYPE = YES_ERROR;
				GCC_WARN_UNDECLARED_SELECTOR = YES;
				GCC_WARN_UNINITIALIZED_AUTOS = YES_AGGRESSIVE;
				GCC_WARN_UNUSED_FUNCTION = YES;
				GCC_WARN_UNUSED_VARIABLE = YES;
				IPHONEOS_DEPLOYMENT_TARGET = 18.2;
				LOCALIZATION_PREFERS_STRING_CATALOGS = YES;
				MTL_ENABLE_DEBUG_INFO = INCLUDE_SOURCE;
				MTL_FAST_MATH = YES;
				ONLY_ACTIVE_ARCH = YES;
				SDKROOT = iphoneos;
				SWIFT_ACTIVE_COMPILATION_CONDITIONS = "DEBUG $(inherited)";
				SWIFT_OPTIMIZATION_LEVEL = "-Onone";
			};
			name = Debug;
		};
		D0A3ED7E2D270C1100123268 /* Release */ = {
			isa = XCBuildConfiguration;
			buildSettings = {
				ALWAYS_SEARCH_USER_PATHS = NO;
				ASSETCATALOG_COMPILER_GENERATE_SWIFT_ASSET_SYMBOL_EXTENSIONS = YES;
				CLANG_ANALYZER_NONNULL = YES;
				CLANG_ANALYZER_NUMBER_OBJECT_CONVERSION = YES_AGGRESSIVE;
				CLANG_CXX_LANGUAGE_STANDARD = "gnu++20";
				CLANG_ENABLE_MODULES = YES;
				CLANG_ENABLE_OBJC_ARC = YES;
				CLANG_ENABLE_OBJC_WEAK = YES;
				CLANG_WARN_BLOCK_CAPTURE_AUTORELEASING = YES;
				CLANG_WARN_BOOL_CONVERSION = YES;
				CLANG_WARN_COMMA = YES;
				CLANG_WARN_CONSTANT_CONVERSION = YES;
				CLANG_WARN_DEPRECATED_OBJC_IMPLEMENTATIONS = YES;
				CLANG_WARN_DIRECT_OBJC_ISA_USAGE = YES_ERROR;
				CLANG_WARN_DOCUMENTATION_COMMENTS = YES;
				CLANG_WARN_EMPTY_BODY = YES;
				CLANG_WARN_ENUM_CONVERSION = YES;
				CLANG_WARN_INFINITE_RECURSION = YES;
				CLANG_WARN_INT_CONVERSION = YES;
				CLANG_WARN_NON_LITERAL_NULL_CONVERSION = YES;
				CLANG_WARN_OBJC_IMPLICIT_RETAIN_SELF = YES;
				CLANG_WARN_OBJC_LITERAL_CONVERSION = YES;
				CLANG_WARN_OBJC_ROOT_CLASS = YES_ERROR;
				CLANG_WARN_QUOTED_INCLUDE_IN_FRAMEWORK_HEADER = YES;
				CLANG_WARN_RANGE_LOOP_ANALYSIS = YES;
				CLANG_WARN_STRICT_PROTOTYPES = YES;
				CLANG_WARN_SUSPICIOUS_MOVE = YES;
				CLANG_WARN_UNGUARDED_AVAILABILITY = YES_AGGRESSIVE;
				CLANG_WARN_UNREACHABLE_CODE = YES;
				CLANG_WARN__DUPLICATE_METHOD_MATCH = YES;
				COPY_PHASE_STRIP = NO;
				DEBUG_INFORMATION_FORMAT = "dwarf-with-dsym";
				ENABLE_NS_ASSERTIONS = NO;
				ENABLE_STRICT_OBJC_MSGSEND = YES;
				ENABLE_USER_SCRIPT_SANDBOXING = YES;
				GCC_C_LANGUAGE_STANDARD = gnu17;
				GCC_NO_COMMON_BLOCKS = YES;
				GCC_WARN_64_TO_32_BIT_CONVERSION = YES;
				GCC_WARN_ABOUT_RETURN_TYPE = YES_ERROR;
				GCC_WARN_UNDECLARED_SELECTOR = YES;
				GCC_WARN_UNINITIALIZED_AUTOS = YES_AGGRESSIVE;
				GCC_WARN_UNUSED_FUNCTION = YES;
				GCC_WARN_UNUSED_VARIABLE = YES;
				IPHONEOS_DEPLOYMENT_TARGET = 18.2;
				LOCALIZATION_PREFERS_STRING_CATALOGS = YES;
				MTL_ENABLE_DEBUG_INFO = NO;
				MTL_FAST_MATH = YES;
				SDKROOT = iphoneos;
				SWIFT_COMPILATION_MODE = wholemodule;
				VALIDATE_PRODUCT = YES;
			};
			name = Release;
		};
		D0A3ED802D270C1100123268 /* Debug */ = {
			isa = XCBuildConfiguration;
			buildSettings = {
				ASSETCATALOG_COMPILER_APPICON_NAME = AppIcon;
				ASSETCATALOG_COMPILER_GLOBAL_ACCENT_COLOR_NAME = AccentColor;
				CODE_SIGN_ENTITLEMENTS = Triangle/Triangle.entitlements;
				CODE_SIGN_STYLE = Automatic;
				CURRENT_PROJECT_VERSION = 1;
				DEVELOPMENT_ASSET_PATHS = "\"Triangle/Preview Content\"";
				DEVELOPMENT_TEAM = 6CMPT693F2;
				ENABLE_PREVIEWS = YES;
				GENERATE_INFOPLIST_FILE = YES;
				INFOPLIST_FILE = Triangle/Info.plist;
				INFOPLIST_KEY_LSApplicationCategoryType = "";
				INFOPLIST_KEY_UIApplicationSceneManifest_Generation = YES;
				INFOPLIST_KEY_UIApplicationSupportsIndirectInputEvents = YES;
				INFOPLIST_KEY_UILaunchScreen_Generation = YES;
				INFOPLIST_KEY_UISupportedInterfaceOrientations_iPad = "UIInterfaceOrientationPortrait UIInterfaceOrientationPortraitUpsideDown UIInterfaceOrientationLandscapeLeft UIInterfaceOrientationLandscapeRight";
				INFOPLIST_KEY_UISupportedInterfaceOrientations_iPhone = "UIInterfaceOrientationPortrait UIInterfaceOrientationLandscapeLeft UIInterfaceOrientationLandscapeRight";
				LD_RUNPATH_SEARCH_PATHS = (
					"$(inherited)",
					"@executable_path/Frameworks",
				);
				MARKETING_VERSION = 1.0;
				PRODUCT_BUNDLE_IDENTIFIER = Eclipse.Triangle;
				PRODUCT_NAME = "$(TARGET_NAME)";
				SUPPORTED_PLATFORMS = "iphoneos iphonesimulator";
				SUPPORTS_MACCATALYST = NO;
				SUPPORTS_XR_DESIGNED_FOR_IPHONE_IPAD = NO;
				SWIFT_EMIT_LOC_STRINGS = YES;
				SWIFT_VERSION = 5.0;
				TARGETED_DEVICE_FAMILY = "1,2";
			};
			name = Debug;
		};
		D0A3ED812D270C1100123268 /* Release */ = {
			isa = XCBuildConfiguration;
			buildSettings = {
				ASSETCATALOG_COMPILER_APPICON_NAME = AppIcon;
				ASSETCATALOG_COMPILER_GLOBAL_ACCENT_COLOR_NAME = AccentColor;
				CODE_SIGN_ENTITLEMENTS = Triangle/Triangle.entitlements;
				CODE_SIGN_STYLE = Automatic;
				CURRENT_PROJECT_VERSION = 1;
				DEVELOPMENT_ASSET_PATHS = "\"Triangle/Preview Content\"";
				DEVELOPMENT_TEAM = 6CMPT693F2;
				ENABLE_PREVIEWS = YES;
				GENERATE_INFOPLIST_FILE = YES;
				INFOPLIST_FILE = Triangle/Info.plist;
				INFOPLIST_KEY_LSApplicationCategoryType = "";
				INFOPLIST_KEY_UIApplicationSceneManifest_Generation = YES;
				INFOPLIST_KEY_UIApplicationSupportsIndirectInputEvents = YES;
				INFOPLIST_KEY_UILaunchScreen_Generation = YES;
				INFOPLIST_KEY_UISupportedInterfaceOrientations_iPad = "UIInterfaceOrientationPortrait UIInterfaceOrientationPortraitUpsideDown UIInterfaceOrientationLandscapeLeft UIInterfaceOrientationLandscapeRight";
				INFOPLIST_KEY_UISupportedInterfaceOrientations_iPhone = "UIInterfaceOrientationPortrait UIInterfaceOrientationLandscapeLeft UIInterfaceOrientationLandscapeRight";
				LD_RUNPATH_SEARCH_PATHS = (
					"$(inherited)",
					"@executable_path/Frameworks",
				);
				MARKETING_VERSION = 1.0;
				PRODUCT_BUNDLE_IDENTIFIER = Eclipse.Triangle;
				PRODUCT_NAME = "$(TARGET_NAME)";
				SUPPORTED_PLATFORMS = "iphoneos iphonesimulator";
				SUPPORTS_MACCATALYST = NO;
				SUPPORTS_XR_DESIGNED_FOR_IPHONE_IPAD = NO;
				SWIFT_EMIT_LOC_STRINGS = YES;
				SWIFT_VERSION = 5.0;
				TARGETED_DEVICE_FAMILY = "1,2";
			};
			name = Release;
		};
		D0A3ED832D270C1100123268 /* Debug */ = {
			isa = XCBuildConfiguration;
			buildSettings = {
				BUNDLE_LOADER = "$(TEST_HOST)";
				CODE_SIGN_STYLE = Automatic;
				CURRENT_PROJECT_VERSION = 1;
				GENERATE_INFOPLIST_FILE = YES;
				IPHONEOS_DEPLOYMENT_TARGET = 18.2;
				MARKETING_VERSION = 1.0;
				PRODUCT_BUNDLE_IDENTIFIER = Eclipse.TriangleTests;
				PRODUCT_NAME = "$(TARGET_NAME)";
				SWIFT_EMIT_LOC_STRINGS = NO;
				SWIFT_VERSION = 5.0;
				TARGETED_DEVICE_FAMILY = "1,2";
				TEST_HOST = "$(BUILT_PRODUCTS_DIR)/Triangle.app/$(BUNDLE_EXECUTABLE_FOLDER_PATH)/Triangle";
			};
			name = Debug;
		};
		D0A3ED842D270C1100123268 /* Release */ = {
			isa = XCBuildConfiguration;
			buildSettings = {
				BUNDLE_LOADER = "$(TEST_HOST)";
				CODE_SIGN_STYLE = Automatic;
				CURRENT_PROJECT_VERSION = 1;
				GENERATE_INFOPLIST_FILE = YES;
				IPHONEOS_DEPLOYMENT_TARGET = 18.2;
				MARKETING_VERSION = 1.0;
				PRODUCT_BUNDLE_IDENTIFIER = Eclipse.TriangleTests;
				PRODUCT_NAME = "$(TARGET_NAME)";
				SWIFT_EMIT_LOC_STRINGS = NO;
				SWIFT_VERSION = 5.0;
				TARGETED_DEVICE_FAMILY = "1,2";
				TEST_HOST = "$(BUILT_PRODUCTS_DIR)/Triangle.app/$(BUNDLE_EXECUTABLE_FOLDER_PATH)/Triangle";
			};
			name = Release;
		};
		D0A3ED862D270C1100123268 /* Debug */ = {
			isa = XCBuildConfiguration;
			buildSettings = {
				CODE_SIGN_STYLE = Automatic;
				CURRENT_PROJECT_VERSION = 1;
				GENERATE_INFOPLIST_FILE = YES;
				MARKETING_VERSION = 1.0;
				PRODUCT_BUNDLE_IDENTIFIER = Eclipse.TriangleUITests;
				PRODUCT_NAME = "$(TARGET_NAME)";
				SWIFT_EMIT_LOC_STRINGS = NO;
				SWIFT_VERSION = 5.0;
				TARGETED_DEVICE_FAMILY = "1,2";
				TEST_TARGET_NAME = Triangle;
			};
			name = Debug;
		};
		D0A3ED872D270C1100123268 /* Release */ = {
			isa = XCBuildConfiguration;
			buildSettings = {
				CODE_SIGN_STYLE = Automatic;
				CURRENT_PROJECT_VERSION = 1;
				GENERATE_INFOPLIST_FILE = YES;
				MARKETING_VERSION = 1.0;
				PRODUCT_BUNDLE_IDENTIFIER = Eclipse.TriangleUITests;
				PRODUCT_NAME = "$(TARGET_NAME)";
				SWIFT_EMIT_LOC_STRINGS = NO;
				SWIFT_VERSION = 5.0;
				TARGETED_DEVICE_FAMILY = "1,2";
				TEST_TARGET_NAME = Triangle;
			};
			name = Release;
		};
/* End XCBuildConfiguration section */

/* Begin XCConfigurationList section */
		D0A3ED562D270C1000123268 /* Build configuration list for PBXProject "Triangle" */ = {
			isa = XCConfigurationList;
			buildConfigurations = (
				D0A3ED7D2D270C1100123268 /* Debug */,
				D0A3ED7E2D270C1100123268 /* Release */,
			);
			defaultConfigurationIsVisible = 0;
			defaultConfigurationName = Release;
		};
		D0A3ED7F2D270C1100123268 /* Build configuration list for PBXNativeTarget "Triangle" */ = {
			isa = XCConfigurationList;
			buildConfigurations = (
				D0A3ED802D270C1100123268 /* Debug */,
				D0A3ED812D270C1100123268 /* Release */,
			);
			defaultConfigurationIsVisible = 0;
			defaultConfigurationName = Release;
		};
		D0A3ED822D270C1100123268 /* Build configuration list for PBXNativeTarget "TriangleTests" */ = {
			isa = XCConfigurationList;
			buildConfigurations = (
				D0A3ED832D270C1100123268 /* Debug */,
				D0A3ED842D270C1100123268 /* Release */,
			);
			defaultConfigurationIsVisible = 0;
			defaultConfigurationName = Release;
		};
		D0A3ED852D270C1100123268 /* Build configuration list for PBXNativeTarget "TriangleUITests" */ = {
			isa = XCConfigurationList;
			buildConfigurations = (
				D0A3ED862D270C1100123268 /* Debug */,
				D0A3ED872D270C1100123268 /* Release */,
			);
			defaultConfigurationIsVisible = 0;
			defaultConfigurationName = Release;
		};
/* End XCConfigurationList section */
	};
	rootObject = D0A3ED532D270C1000123268 /* Project object */;
}
